<?xml version="1.0" encoding="utf-8"?>
<Project ToolsVersion="4.0" xmlns="http://schemas.microsoft.com/developer/msbuild/2003">
  <ItemGroup>
    <Filter Include="源文件">
      <UniqueIdentifier>{4FC737F1-C7A5-4376-A066-2A32D752A2FF}</UniqueIdentifier>
      <Extensions>cpp;c;cc;cxx;def;odl;idl;hpj;bat;asm;asmx</Extensions>
    </Filter>
    <Filter Include="头文件">
      <UniqueIdentifier>{93995380-89BD-4b04-88EB-625FBE52EBFB}</UniqueIdentifier>
      <Extensions>h;hpp;hxx;hm;inl;inc;xsd</Extensions>
    </Filter>
    <Filter Include="资源文件">
      <UniqueIdentifier>{67DA6AB6-F800-4c08-8B7A-83BB121AAD01}</UniqueIdentifier>
      <Extensions>rc;ico;cur;bmp;dlg;rc2;rct;bin;rgs;gif;jpg;jpeg;jpe;resx;tiff;tif;png;wav;mfcribbon-ms</Extensions>
    </Filter>
  </ItemGroup>
  <ItemGroup>
    <None Include="ReadMe.txt" />
    <None Include="res\ST_PTTClient.rc2">
      <Filter>资源文件</Filter>
    </None>
    <None Include="res\ST_PTTClient.ico">
      <Filter>资源文件</Filter>
    </None>
    <None Include="geodemo.html" />
    <None Include="res\icon1.ico">
      <Filter>资源文件</Filter>
    </None>
    <None Include="res\icon2.ico">
      <Filter>资源文件</Filter>
    </None>
    <None Include="res\user_offline.png">
      <Filter>资源文件</Filter>
    </None>
    <None Include="res\user_online.png">
      <Filter>资源文件</Filter>
    </None>
    <None Include="res\user_offline.jpg">
      <Filter>资源文件</Filter>
    </None>
    <None Include="res\user_online.jpg">
      <Filter>资源文件</Filter>
    </None>
    <None Include="res\bitmap1.bmp">
      <Filter>资源文件</Filter>
    </None>
    <None Include="res\icons8-user.png">
      <Filter>资源文件</Filter>
    </None>
    <None Include="res\user_online.ico">
      <Filter>资源文件</Filter>
    </None>
    <None Include="res\channel_active.ico">
      <Filter>资源文件</Filter>
    </None>
    <None Include="res\hangup_normal.bmp">
      <Filter>资源文件</Filter>
    </None>
    <None Include="res\accept_normal.bmp">
      <Filter>资源文件</Filter>
    </None>
    <None Include="res\bitmap3.bmp">
      <Filter>资源文件</Filter>
    </None>
    <None Include="res\user_offline.ico">
      <Filter>资源文件</Filter>
    </None>
    <None Include="res\map_pressed.png">
      <Filter>资源文件</Filter>
    </None>
    <None Include="res\bitmap4.bmp">
      <Filter>资源文件</Filter>
    </None>
    <None Include="res\map_pressed.bmp">
      <Filter>资源文件</Filter>
    </None>
    <None Include="res\png1.png">
      <Filter>资源文件</Filter>
    </None>
    <None Include="res\bkgrd_navi.png">
      <Filter>资源文件</Filter>
    </None>
  </ItemGroup>
  <ItemGroup>
    <ClInclude Include="ST_PTTClient.h">
      <Filter>头文件</Filter>
    </ClInclude>
    <ClInclude Include="ST_PTTClientDlg.h">
      <Filter>头文件</Filter>
    </ClInclude>
    <ClInclude Include="stdafx.h">
      <Filter>头文件</Filter>
    </ClInclude>
    <ClInclude Include="targetver.h">
      <Filter>头文件</Filter>
    </ClInclude>
    <ClInclude Include="Resource.h">
      <Filter>头文件</Filter>
    </ClInclude>
    <ClInclude Include="explorer1.h">
      <Filter>头文件</Filter>
    </ClInclude>
    <ClInclude Include="PTTClientControl.h">
      <Filter>头文件</Filter>
    </ClInclude>
    <ClInclude Include="ClientSocket.h">
      <Filter>源文件</Filter>
    </ClInclude>
    <ClInclude Include="ClientUserInfo.h">
      <Filter>头文件</Filter>
    </ClInclude>
    <ClInclude Include="CPublic.h">
      <Filter>头文件</Filter>
    </ClInclude>
    <ClInclude Include="ClientChannelInfo.h">
      <Filter>头文件</Filter>
    </ClInclude>
    <ClInclude Include="ClientUdpSocket.h">
      <Filter>头文件</Filter>
    </ClInclude>
    <ClInclude Include="PTTOpus.h">
      <Filter>头文件</Filter>
    </ClInclude>
    <ClInclude Include="..\src\_kiss_fft_guts.h">
      <Filter>头文件</Filter>
    </ClInclude>
    <ClInclude Include="..\src\analysis.h">
      <Filter>头文件</Filter>
    </ClInclude>
    <ClInclude Include="..\src\API.h">
      <Filter>头文件</Filter>
    </ClInclude>
    <ClInclude Include="..\src\arch.h">
      <Filter>头文件</Filter>
    </ClInclude>
    <ClInclude Include="..\src\bands.h">
      <Filter>头文件</Filter>
    </ClInclude>
    <ClInclude Include="..\src\celt.h">
      <Filter>头文件</Filter>
    </ClInclude>
    <ClInclude Include="..\src\celt_lpc.h">
      <Filter>头文件</Filter>
    </ClInclude>
    <ClInclude Include="..\src\config.h">
      <Filter>头文件</Filter>
    </ClInclude>
    <ClInclude Include="..\src\control.h">
      <Filter>头文件</Filter>
    </ClInclude>
    <ClInclude Include="..\src\cpu_support.h">
      <Filter>头文件</Filter>
    </ClInclude>
    <ClInclude Include="..\src\cwrs.h">
      <Filter>头文件</Filter>
    </ClInclude>
    <ClInclude Include="..\src\debug.h">
      <Filter>头文件</Filter>
    </ClInclude>
    <ClInclude Include="..\src\define.h">
      <Filter>头文件</Filter>
    </ClInclude>
    <ClInclude Include="..\src\ecintrin.h">
      <Filter>头文件</Filter>
    </ClInclude>
    <ClInclude Include="..\src\entcode.h">
      <Filter>头文件</Filter>
    </ClInclude>
    <ClInclude Include="..\src\entdec.h">
      <Filter>头文件</Filter>
    </ClInclude>
    <ClInclude Include="..\src\entenc.h">
      <Filter>头文件</Filter>
    </ClInclude>
    <ClInclude Include="..\src\errors.h">
      <Filter>头文件</Filter>
    </ClInclude>
    <ClInclude Include="..\src\fixed_debug.h">
      <Filter>头文件</Filter>
    </ClInclude>
    <ClInclude Include="..\src\fixed_generic.h">
      <Filter>头文件</Filter>
    </ClInclude>
    <ClInclude Include="..\src\float_cast.h">
      <Filter>头文件</Filter>
    </ClInclude>
    <ClInclude Include="..\src\Inlines.h">
      <Filter>头文件</Filter>
    </ClInclude>
    <ClInclude Include="..\src\kiss_fft.h">
      <Filter>头文件</Filter>
    </ClInclude>
    <ClInclude Include="..\src\laplace.h">
      <Filter>头文件</Filter>
    </ClInclude>
    <ClInclude Include="..\src\MacroCount.h">
      <Filter>头文件</Filter>
    </ClInclude>
    <ClInclude Include="..\src\MacroDebug.h">
      <Filter>头文件</Filter>
    </ClInclude>
    <ClInclude Include="..\src\macros.h">
      <Filter>头文件</Filter>
    </ClInclude>
    <ClInclude Include="..\src\main.h">
      <Filter>头文件</Filter>
    </ClInclude>
    <ClInclude Include="..\src\mathops.h">
      <Filter>头文件</Filter>
    </ClInclude>
    <ClInclude Include="..\src\mdct.h">
      <Filter>头文件</Filter>
    </ClInclude>
    <ClInclude Include="..\src\mfrngcod.h">
      <Filter>头文件</Filter>
    </ClInclude>
    <ClInclude Include="..\src\mlp.h">
      <Filter>头文件</Filter>
    </ClInclude>
    <ClInclude Include="..\src\modes.h">
      <Filter>头文件</Filter>
    </ClInclude>
    <ClInclude Include="..\src\opus.h">
      <Filter>头文件</Filter>
    </ClInclude>
    <ClInclude Include="..\src\opus_custom.h">
      <Filter>头文件</Filter>
    </ClInclude>
    <ClInclude Include="..\src\opus_defines.h">
      <Filter>头文件</Filter>
    </ClInclude>
    <ClInclude Include="..\src\opus_inst.h">
      <Filter>头文件</Filter>
    </ClInclude>
    <ClInclude Include="..\src\opus_interface.h">
      <Filter>头文件</Filter>
    </ClInclude>
    <ClInclude Include="..\src\opus_multistream.h">
      <Filter>头文件</Filter>
    </ClInclude>
    <ClInclude Include="..\src\opus_private.h">
      <Filter>头文件</Filter>
    </ClInclude>
    <ClInclude Include="..\src\opus_types.h">
      <Filter>头文件</Filter>
    </ClInclude>
    <ClInclude Include="..\src\os_support.h">
      <Filter>头文件</Filter>
    </ClInclude>
    <ClInclude Include="..\src\pitch.h">
      <Filter>头文件</Filter>
    </ClInclude>
    <ClInclude Include="..\src\pitch_est_defines.h">
      <Filter>头文件</Filter>
    </ClInclude>
    <ClInclude Include="..\src\PLC.h">
      <Filter>头文件</Filter>
    </ClInclude>
    <ClInclude Include="..\src\quant_bands.h">
      <Filter>头文件</Filter>
    </ClInclude>
    <ClInclude Include="..\src\rate.h">
      <Filter>头文件</Filter>
    </ClInclude>
    <ClInclude Include="..\src\resampler_private.h">
      <Filter>头文件</Filter>
    </ClInclude>
    <ClInclude Include="..\src\resampler_rom.h">
      <Filter>头文件</Filter>
    </ClInclude>
    <ClInclude Include="..\src\resampler_structs.h">
      <Filter>头文件</Filter>
    </ClInclude>
    <ClInclude Include="..\src\SigProc_FIX.h">
      <Filter>头文件</Filter>
    </ClInclude>
    <ClInclude Include="..\src\stack_alloc.h">
      <Filter>头文件</Filter>
    </ClInclude>
    <ClInclude Include="..\src\static_modes_fixed.h">
      <Filter>头文件</Filter>
    </ClInclude>
    <ClInclude Include="..\src\static_modes_float.h">
      <Filter>头文件</Filter>
    </ClInclude>
    <ClInclude Include="..\src\structs.h">
      <Filter>头文件</Filter>
    </ClInclude>
    <ClInclude Include="..\src\structs_FIX.h">
      <Filter>头文件</Filter>
    </ClInclude>
    <ClInclude Include="..\src\tables.h">
      <Filter>头文件</Filter>
    </ClInclude>
    <ClInclude Include="..\src\tansig_table.h">
      <Filter>头文件</Filter>
    </ClInclude>
    <ClInclude Include="..\src\tuning_parameters.h">
      <Filter>头文件</Filter>
    </ClInclude>
    <ClInclude Include="..\src\typedef.h">
      <Filter>头文件</Filter>
    </ClInclude>
    <ClInclude Include="..\src\typedefs.h">
      <Filter>头文件</Filter>
    </ClInclude>
    <ClInclude Include="..\src\vq.h">
      <Filter>头文件</Filter>
    </ClInclude>
    <ClInclude Include="AudioPlay.h">
      <Filter>头文件</Filter>
    </ClInclude>
    <ClInclude Include="AudioPlayExp.h">
      <Filter>头文件</Filter>
    </ClInclude>
    <ClInclude Include="AudioRecord.h">
      <Filter>头文件</Filter>
    </ClInclude>
    <ClInclude Include="ST_AudioData.h">
      <Filter>头文件</Filter>
    </ClInclude>
    <ClInclude Include="ST_AudioDecoder.h">
      <Filter>头文件</Filter>
    </ClInclude>
    <ClInclude Include="ST_Thread.h">
      <Filter>头文件</Filter>
    </ClInclude>
  </ItemGroup>
  <ItemGroup>
    <ClCompile Include="ST_PTTClient.cpp">
      <Filter>源文件</Filter>
    </ClCompile>
    <ClCompile Include="ST_PTTClientDlg.cpp">
      <Filter>源文件</Filter>
    </ClCompile>
    <ClCompile Include="explorer1.cpp">
      <Filter>源文件</Filter>
    </ClCompile>
    <ClCompile Include="PTTClientControl.cpp">
      <Filter>源文件</Filter>
    </ClCompile>
    <ClCompile Include="ClientSocket.cpp">
      <Filter>源文件</Filter>
    </ClCompile>
    <ClCompile Include="ClientUserInfo.cpp">
      <Filter>源文件</Filter>
    </ClCompile>
    <ClCompile Include="CPublic.cpp">
      <Filter>源文件</Filter>
    </ClCompile>
    <ClCompile Include="ClientChannelInfo.cpp">
      <Filter>源文件</Filter>
    </ClCompile>
    <ClCompile Include="ClientUdpSocket.cpp">
      <Filter>源文件</Filter>
    </ClCompile>
    <ClCompile Include="..\src\A2NLSF.c">
      <Filter>源文件</Filter>
    </ClCompile>
    <ClCompile Include="..\src\ana_filt_bank_1.c">
      <Filter>源文件</Filter>
    </ClCompile>
    <ClCompile Include="..\src\analysis.c">
      <Filter>源文件</Filter>
    </ClCompile>
    <ClCompile Include="..\src\apply_sine_window_FIX.c">
      <Filter>源文件</Filter>
    </ClCompile>
    <ClCompile Include="..\src\autocorr_FIX.c">
      <Filter>源文件</Filter>
    </ClCompile>
    <ClCompile Include="..\src\bands.c">
      <Filter>源文件</Filter>
    </ClCompile>
    <ClCompile Include="..\src\biquad_alt.c">
      <Filter>源文件</Filter>
    </ClCompile>
    <ClCompile Include="..\src\burg_modified_FIX.c">
      <Filter>源文件</Filter>
    </ClCompile>
    <ClCompile Include="..\src\bwexpander.c">
      <Filter>源文件</Filter>
    </ClCompile>
    <ClCompile Include="..\src\bwexpander_32.c">
      <Filter>源文件</Filter>
    </ClCompile>
    <ClCompile Include="..\src\celt.c">
      <Filter>源文件</Filter>
    </ClCompile>
    <ClCompile Include="..\src\celt_decoder.c">
      <Filter>源文件</Filter>
    </ClCompile>
    <ClCompile Include="..\src\celt_encoder.c">
      <Filter>源文件</Filter>
    </ClCompile>
    <ClCompile Include="..\src\celt_lpc.c">
      <Filter>源文件</Filter>
    </ClCompile>
    <ClCompile Include="..\src\check_control_input.c">
      <Filter>源文件</Filter>
    </ClCompile>
    <ClCompile Include="..\src\CNG.c">
      <Filter>源文件</Filter>
    </ClCompile>
    <ClCompile Include="..\src\code_signs.c">
      <Filter>源文件</Filter>
    </ClCompile>
    <ClCompile Include="..\src\control_audio_bandwidth.c">
      <Filter>源文件</Filter>
    </ClCompile>
    <ClCompile Include="..\src\control_codec.c">
      <Filter>源文件</Filter>
    </ClCompile>
    <ClCompile Include="..\src\control_SNR.c">
      <Filter>源文件</Filter>
    </ClCompile>
    <ClCompile Include="..\src\corrMatrix_FIX.c">
      <Filter>源文件</Filter>
    </ClCompile>
    <ClCompile Include="..\src\cwrs.c">
      <Filter>源文件</Filter>
    </ClCompile>
    <ClCompile Include="..\src\debug.c">
      <Filter>源文件</Filter>
    </ClCompile>
    <ClCompile Include="..\src\dec_API.c">
      <Filter>源文件</Filter>
    </ClCompile>
    <ClCompile Include="..\src\decode_core.c">
      <Filter>源文件</Filter>
    </ClCompile>
    <ClCompile Include="..\src\decode_frame.c">
      <Filter>源文件</Filter>
    </ClCompile>
    <ClCompile Include="..\src\decode_indices.c">
      <Filter>源文件</Filter>
    </ClCompile>
    <ClCompile Include="..\src\decode_parameters.c">
      <Filter>源文件</Filter>
    </ClCompile>
    <ClCompile Include="..\src\decode_pitch.c">
      <Filter>源文件</Filter>
    </ClCompile>
    <ClCompile Include="..\src\decode_pulses.c">
      <Filter>源文件</Filter>
    </ClCompile>
    <ClCompile Include="..\src\decoder_set_fs.c">
      <Filter>源文件</Filter>
    </ClCompile>
    <ClCompile Include="..\src\enc_API.c">
      <Filter>源文件</Filter>
    </ClCompile>
    <ClCompile Include="..\src\encode_frame_FIX.c">
      <Filter>源文件</Filter>
    </ClCompile>
    <ClCompile Include="..\src\encode_indices.c">
      <Filter>源文件</Filter>
    </ClCompile>
    <ClCompile Include="..\src\encode_pulses.c">
      <Filter>源文件</Filter>
    </ClCompile>
    <ClCompile Include="..\src\entcode.c">
      <Filter>源文件</Filter>
    </ClCompile>
    <ClCompile Include="..\src\entdec.c">
      <Filter>源文件</Filter>
    </ClCompile>
    <ClCompile Include="..\src\entenc.c">
      <Filter>源文件</Filter>
    </ClCompile>
    <ClCompile Include="..\src\find_LPC_FIX.c">
      <Filter>源文件</Filter>
    </ClCompile>
    <ClCompile Include="..\src\find_LTP_FIX.c">
      <Filter>源文件</Filter>
    </ClCompile>
    <ClCompile Include="..\src\find_pitch_lags_FIX.c">
      <Filter>源文件</Filter>
    </ClCompile>
    <ClCompile Include="..\src\find_pred_coefs_FIX.c">
      <Filter>源文件</Filter>
    </ClCompile>
    <ClCompile Include="..\src\gain_quant.c">
      <Filter>源文件</Filter>
    </ClCompile>
    <ClCompile Include="..\src\HP_variable_cutoff.c">
      <Filter>源文件</Filter>
    </ClCompile>
    <ClCompile Include="..\src\init_decoder.c">
      <Filter>源文件</Filter>
    </ClCompile>
    <ClCompile Include="..\src\init_encoder.c">
      <Filter>源文件</Filter>
    </ClCompile>
    <ClCompile Include="..\src\inner_prod_aligned.c">
      <Filter>源文件</Filter>
    </ClCompile>
    <ClCompile Include="..\src\interpolate.c">
      <Filter>源文件</Filter>
    </ClCompile>
    <ClCompile Include="..\src\k2a_FIX.c">
      <Filter>源文件</Filter>
    </ClCompile>
    <ClCompile Include="..\src\k2a_Q16_FIX.c">
      <Filter>源文件</Filter>
    </ClCompile>
    <ClCompile Include="..\src\kiss_fft.c">
      <Filter>源文件</Filter>
    </ClCompile>
    <ClCompile Include="..\src\laplace.c">
      <Filter>源文件</Filter>
    </ClCompile>
    <ClCompile Include="..\src\lin2log.c">
      <Filter>源文件</Filter>
    </ClCompile>
    <ClCompile Include="..\src\log2lin.c">
      <Filter>源文件</Filter>
    </ClCompile>
    <ClCompile Include="..\src\LP_variable_cutoff.c">
      <Filter>源文件</Filter>
    </ClCompile>
    <ClCompile Include="..\src\LPC_analysis_filter.c">
      <Filter>源文件</Filter>
    </ClCompile>
    <ClCompile Include="..\src\LPC_inv_pred_gain.c">
      <Filter>源文件</Filter>
    </ClCompile>
    <ClCompile Include="..\src\LTP_analysis_filter_FIX.c">
      <Filter>源文件</Filter>
    </ClCompile>
    <ClCompile Include="..\src\LTP_scale_ctrl_FIX.c">
      <Filter>源文件</Filter>
    </ClCompile>
    <ClCompile Include="..\src\mathops.c">
      <Filter>源文件</Filter>
    </ClCompile>
    <ClCompile Include="..\src\mdct.c">
      <Filter>源文件</Filter>
    </ClCompile>
    <ClCompile Include="..\src\mlp.c">
      <Filter>源文件</Filter>
    </ClCompile>
    <ClCompile Include="..\src\mlp_data.c">
      <Filter>源文件</Filter>
    </ClCompile>
    <ClCompile Include="..\src\modes.c">
      <Filter>源文件</Filter>
    </ClCompile>
    <ClCompile Include="..\src\NLSF_decode.c">
      <Filter>源文件</Filter>
    </ClCompile>
    <ClCompile Include="..\src\NLSF_del_dec_quant.c">
      <Filter>源文件</Filter>
    </ClCompile>
    <ClCompile Include="..\src\NLSF_encode.c">
      <Filter>源文件</Filter>
    </ClCompile>
    <ClCompile Include="..\src\NLSF_stabilize.c">
      <Filter>源文件</Filter>
    </ClCompile>
    <ClCompile Include="..\src\NLSF_unpack.c">
      <Filter>源文件</Filter>
    </ClCompile>
    <ClCompile Include="..\src\NLSF_VQ.c">
      <Filter>源文件</Filter>
    </ClCompile>
    <ClCompile Include="..\src\NLSF_VQ_weights_laroia.c">
      <Filter>源文件</Filter>
    </ClCompile>
    <ClCompile Include="..\src\NLSF2A.c">
      <Filter>源文件</Filter>
    </ClCompile>
    <ClCompile Include="..\src\noise_shape_analysis_FIX.c">
      <Filter>源文件</Filter>
    </ClCompile>
    <ClCompile Include="..\src\NSQ.c">
      <Filter>源文件</Filter>
    </ClCompile>
    <ClCompile Include="..\src\NSQ_del_dec.c">
      <Filter>源文件</Filter>
    </ClCompile>
    <ClCompile Include="..\src\opus.c">
      <Filter>源文件</Filter>
    </ClCompile>
    <ClCompile Include="..\src\opus_decoder.c">
      <Filter>源文件</Filter>
    </ClCompile>
    <ClCompile Include="..\src\opus_encoder.c">
      <Filter>源文件</Filter>
    </ClCompile>
    <ClCompile Include="..\src\opus_interface.c">
      <Filter>源文件</Filter>
    </ClCompile>
    <ClCompile Include="..\src\opus_multistream.c">
      <Filter>源文件</Filter>
    </ClCompile>
    <ClCompile Include="..\src\opus_multistream_decoder.c">
      <Filter>源文件</Filter>
    </ClCompile>
    <ClCompile Include="..\src\opus_multistream_encoder.c">
      <Filter>源文件</Filter>
    </ClCompile>
    <ClCompile Include="..\src\pitch.c">
      <Filter>源文件</Filter>
    </ClCompile>
    <ClCompile Include="..\src\pitch_analysis_core_FIX.c">
      <Filter>源文件</Filter>
    </ClCompile>
    <ClCompile Include="..\src\pitch_est_tables.c">
      <Filter>源文件</Filter>
    </ClCompile>
    <ClCompile Include="..\src\PLC.c">
      <Filter>源文件</Filter>
    </ClCompile>
    <ClCompile Include="..\src\prefilter_FIX.c">
      <Filter>源文件</Filter>
    </ClCompile>
    <ClCompile Include="..\src\process_gains_FIX.c">
      <Filter>源文件</Filter>
    </ClCompile>
    <ClCompile Include="..\src\process_NLSFs.c">
      <Filter>源文件</Filter>
    </ClCompile>
    <ClCompile Include="..\src\quant_bands.c">
      <Filter>源文件</Filter>
    </ClCompile>
    <ClCompile Include="..\src\quant_LTP_gains.c">
      <Filter>源文件</Filter>
    </ClCompile>
    <ClCompile Include="..\src\rate.c">
      <Filter>源文件</Filter>
    </ClCompile>
    <ClCompile Include="..\src\regularize_correlations_FIX.c">
      <Filter>源文件</Filter>
    </ClCompile>
    <ClCompile Include="..\src\repacketizer.c">
      <Filter>源文件</Filter>
    </ClCompile>
    <ClCompile Include="..\src\resampler.c">
      <Filter>源文件</Filter>
    </ClCompile>
    <ClCompile Include="..\src\resampler_down2.c">
      <Filter>源文件</Filter>
    </ClCompile>
    <ClCompile Include="..\src\resampler_down2_3.c">
      <Filter>源文件</Filter>
    </ClCompile>
    <ClCompile Include="..\src\resampler_private_AR2.c">
      <Filter>源文件</Filter>
    </ClCompile>
    <ClCompile Include="..\src\resampler_private_down_FIR.c">
      <Filter>源文件</Filter>
    </ClCompile>
    <ClCompile Include="..\src\resampler_private_IIR_FIR.c">
      <Filter>源文件</Filter>
    </ClCompile>
    <ClCompile Include="..\src\resampler_private_up2_HQ.c">
      <Filter>源文件</Filter>
    </ClCompile>
    <ClCompile Include="..\src\resampler_rom.c">
      <Filter>源文件</Filter>
    </ClCompile>
    <ClCompile Include="..\src\residual_energy_FIX.c">
      <Filter>源文件</Filter>
    </ClCompile>
    <ClCompile Include="..\src\residual_energy16_FIX.c">
      <Filter>源文件</Filter>
    </ClCompile>
    <ClCompile Include="..\src\schur_FIX.c">
      <Filter>源文件</Filter>
    </ClCompile>
    <ClCompile Include="..\src\schur64_FIX.c">
      <Filter>源文件</Filter>
    </ClCompile>
    <ClCompile Include="..\src\shell_coder.c">
      <Filter>源文件</Filter>
    </ClCompile>
    <ClCompile Include="..\src\sigm_Q15.c">
      <Filter>源文件</Filter>
    </ClCompile>
    <ClCompile Include="..\src\solve_LS_FIX.c">
      <Filter>源文件</Filter>
    </ClCompile>
    <ClCompile Include="..\src\sort.c">
      <Filter>源文件</Filter>
    </ClCompile>
    <ClCompile Include="..\src\stereo_decode_pred.c">
      <Filter>源文件</Filter>
    </ClCompile>
    <ClCompile Include="..\src\stereo_encode_pred.c">
      <Filter>源文件</Filter>
    </ClCompile>
    <ClCompile Include="..\src\stereo_find_predictor.c">
      <Filter>源文件</Filter>
    </ClCompile>
    <ClCompile Include="..\src\stereo_LR_to_MS.c">
      <Filter>源文件</Filter>
    </ClCompile>
    <ClCompile Include="..\src\stereo_MS_to_LR.c">
      <Filter>源文件</Filter>
    </ClCompile>
    <ClCompile Include="..\src\stereo_quant_pred.c">
      <Filter>源文件</Filter>
    </ClCompile>
    <ClCompile Include="..\src\sum_sqr_shift.c">
      <Filter>源文件</Filter>
    </ClCompile>
    <ClCompile Include="..\src\table_LSF_cos.c">
      <Filter>源文件</Filter>
    </ClCompile>
    <ClCompile Include="..\src\tables_gain.c">
      <Filter>源文件</Filter>
    </ClCompile>
    <ClCompile Include="..\src\tables_LTP.c">
      <Filter>源文件</Filter>
    </ClCompile>
    <ClCompile Include="..\src\tables_NLSF_CB_NB_MB.c">
      <Filter>源文件</Filter>
    </ClCompile>
    <ClCompile Include="..\src\tables_NLSF_CB_WB.c">
      <Filter>源文件</Filter>
    </ClCompile>
    <ClCompile Include="..\src\tables_other.c">
      <Filter>源文件</Filter>
    </ClCompile>
    <ClCompile Include="..\src\tables_pitch_lag.c">
      <Filter>源文件</Filter>
    </ClCompile>
    <ClCompile Include="..\src\tables_pulses_per_block.c">
      <Filter>源文件</Filter>
    </ClCompile>
    <ClCompile Include="..\src\VAD.c">
      <Filter>源文件</Filter>
    </ClCompile>
    <ClCompile Include="..\src\vector_ops_FIX.c">
      <Filter>源文件</Filter>
    </ClCompile>
    <ClCompile Include="..\src\vq.c">
      <Filter>源文件</Filter>
    </ClCompile>
    <ClCompile Include="..\src\VQ_WMat_EC.c">
      <Filter>源文件</Filter>
    </ClCompile>
    <ClCompile Include="..\src\warped_autocorrelation_FIX.c">
      <Filter>源文件</Filter>
    </ClCompile>
    <ClCompile Include="AudioPlay.cpp">
      <Filter>源文件</Filter>
    </ClCompile>
    <ClCompile Include="AudioPlayExp.cpp">
      <Filter>源文件</Filter>
    </ClCompile>
    <ClCompile Include="AudioRecord.cpp">
      <Filter>源文件</Filter>
    </ClCompile>
    <ClCompile Include="PTTOpus.cpp">
      <Filter>源文件</Filter>
    </ClCompile>
    <ClCompile Include="ST_AudioData.cpp">
      <Filter>源文件</Filter>
    </ClCompile>
    <ClCompile Include="ST_AudioDecoder.cpp">
      <Filter>源文件</Filter>
    </ClCompile>
    <ClCompile Include="ST_Thread.cpp">
      <Filter>源文件</Filter>
    </ClCompile>
  </ItemGroup>
  <ItemGroup>
    <ResourceCompile Include="ST_PTTClient.rc">
      <Filter>资源文件</Filter>
    </ResourceCompile>
  </ItemGroup>
</Project>